
Microsoft Visual Studio Solution File, Format Version 12.00
# Visual Studio Version 17
VisualStudioVersion = 17.6.33829.357
MinimumVisualStudioVersion = 10.0.40219.1
Project("{9A19103F-16F7-4668-BE54-9A1E7A4F7556}") = "BlazorApp", "BlazorApp\BlazorApp.csproj", "{EEBDAF07-00D8-4AE5-9DE3-0BA6DBA876A9}"
EndProject
Project("{9A19103F-16F7-4668-BE54-9A1E7A4F7556}") = "BlazorStudy", "BlazorStudy\BlazorStudy.csproj", "{3D1ADBC1-7BC2-44F1-AF5B-D9D7C3605A18}"
EndProject
Project("{FAE04EC0-301F-11D3-BF4B-00C04F79EFBC}") = "BlazorAppState", "BlazorAppState\BlazorAppState.csproj", "{9ED00287-7A83-49FB-AC24-5E66C7F1D93B}"
EndProject
Global
	GlobalSection(SolutionConfigurationPlatforms) = preSolution
		Debug|Any CPU = Debug|Any CPU
		Release|Any CPU = Release|Any CPU
	EndGlobalSection
	GlobalSection(ProjectConfigurationPlatforms) = postSolution
		{EEBDAF07-00D8-4AE5-9DE3-0BA6DBA876A9}.Debug|Any CPU.ActiveCfg = Debug|Any CPU
		{EEBDAF07-00D8-4AE5-9DE3-0BA6DBA876A9}.Debug|Any CPU.Build.0 = Debug|Any CPU
		{EEBDAF07-00D8-4AE5-9DE3-0BA6DBA876A9}.Release|Any CPU.ActiveCfg = Release|Any CPU
		{EEBDAF07-00D8-4AE5-9DE3-0BA6DBA876A9}.Release|Any CPU.Build.0 = Release|Any CPU
		{3D1ADBC1-7BC2-44F1-AF5B-D9D7C3605A18}.Debug|Any CPU.ActiveCfg = Debug|Any CPU
		{3D1ADBC1-7BC2-44F1-AF5B-D9D7C3605A18}.Debug|Any CPU.Build.0 = Debug|Any CPU
		{3D1ADBC1-7BC2-44F1-AF5B-D9D7C3605A18}.Release|Any CPU.ActiveCfg = Release|Any CPU
		{3D1ADBC1-7BC2-44F1-AF5B-D9D7C3605A18}.Release|Any CPU.Build.0 = Release|Any CPU
		{9ED00287-7A83-49FB-AC24-5E66C7F1D93B}.Debug|Any CPU.ActiveCfg = Debug|Any CPU
		{9ED00287-7A83-49FB-AC24-5E66C7F1D93B}.Debug|Any CPU.Build.0 = Debug|Any CPU
		{9ED00287-7A83-49FB-AC24-5E66C7F1D93B}.Release|Any CPU.ActiveCfg = Release|Any CPU
		{9ED00287-7A83-49FB-AC24-5E66C7F1D93B}.Release|Any CPU.Build.0 = Release|Any CPU
	EndGlobalSection
	GlobalSection(SolutionProperties) = preSolution
		HideSolutionNode = FALSE
	EndGlobalSection
	GlobalSection(ExtensibilityGlobals) = postSolution
		SolutionGuid = {702AD08E-150A-47A2-992F-9C0C18622F05}
	EndGlobalSection
EndGlobal
