
Microsoft Visual Studio Solution File, Format Version 12.00
# Visual Studio Version 17
VisualStudioVersion = 17.6.33829.357
MinimumVisualStudioVersion = 10.0.40219.1
Project("{9A19103F-16F7-4668-BE54-9A1E7A4F7556}") = "BlazorRankingProject", "BlazorRankingProject\BlazorRankingProject.csproj", "{E67021FD-6C6C-41A9-A359-0E25134AFE14}"
EndProject
Project("{FAE04EC0-301F-11D3-BF4B-00C04F79EFBC}") = "WebApi", "WebApi\WebApi.csproj", "{8E43C1A9-3BD9-4E98-970E-87622A354B34}"
EndProject
Project("{FAE04EC0-301F-11D3-BF4B-00C04F79EFBC}") = "SharedDate", "SharedDate\SharedDate.csproj", "{44D0DA31-56EC-4040-AAA2-582178D1007A}"
EndProject
Global
	GlobalSection(SolutionConfigurationPlatforms) = preSolution
		Debug|Any CPU = Debug|Any CPU
		Release|Any CPU = Release|Any CPU
	EndGlobalSection
	GlobalSection(ProjectConfigurationPlatforms) = postSolution
		{E67021FD-6C6C-41A9-A359-0E25134AFE14}.Debug|Any CPU.ActiveCfg = Debug|Any CPU
		{E67021FD-6C6C-41A9-A359-0E25134AFE14}.Debug|Any CPU.Build.0 = Debug|Any CPU
		{E67021FD-6C6C-41A9-A359-0E25134AFE14}.Release|Any CPU.ActiveCfg = Release|Any CPU
		{E67021FD-6C6C-41A9-A359-0E25134AFE14}.Release|Any CPU.Build.0 = Release|Any CPU
		{8E43C1A9-3BD9-4E98-970E-87622A354B34}.Debug|Any CPU.ActiveCfg = Debug|Any CPU
		{8E43C1A9-3BD9-4E98-970E-87622A354B34}.Debug|Any CPU.Build.0 = Debug|Any CPU
		{8E43C1A9-3BD9-4E98-970E-87622A354B34}.Release|Any CPU.ActiveCfg = Release|Any CPU
		{8E43C1A9-3BD9-4E98-970E-87622A354B34}.Release|Any CPU.Build.0 = Release|Any CPU
		{44D0DA31-56EC-4040-AAA2-582178D1007A}.Debug|Any CPU.ActiveCfg = Debug|Any CPU
		{44D0DA31-56EC-4040-AAA2-582178D1007A}.Debug|Any CPU.Build.0 = Debug|Any CPU
		{44D0DA31-56EC-4040-AAA2-582178D1007A}.Release|Any CPU.ActiveCfg = Release|Any CPU
		{44D0DA31-56EC-4040-AAA2-582178D1007A}.Release|Any CPU.Build.0 = Release|Any CPU
	EndGlobalSection
	GlobalSection(SolutionProperties) = preSolution
		HideSolutionNode = FALSE
	EndGlobalSection
	GlobalSection(ExtensibilityGlobals) = postSolution
		SolutionGuid = {BB8C209A-26BB-4321-AE39-02C1FF131961}
	EndGlobalSection
EndGlobal
